
Microsoft Visual Studio Solution File, Format Version 12.00
# Visual Studio Version 16
VisualStudioVersion = 16.0.30621.155
MinimumVisualStudioVersion = 10.0.40219.1
Project("{FAE04EC0-301F-11D3-BF4B-00C04F79EFBC}") = "HesapMakinesiForm-Odev", "WindowsForm-Odev\HesapMakinesiForm-Odev.csproj", "{65F78AD8-9EB3-418C-8737-1A900627BB41}"
EndProject
Project("{FAE04EC0-301F-11D3-BF4B-00C04F79EFBC}") = "SesliSessizHarf-Odev", "SesliSessizHarf-Odev\SesliSessizHarf-Odev.csproj", "{1CF06333-2196-4416-82FB-19E5AEE06C5B}"
EndProject
Project("{FAE04EC0-301F-11D3-BF4B-00C04F79EFBC}") = "OOPAraba-Odev", "OOPAraba-Odev\OOPAraba-Odev.csproj", "{5A60072B-03F9-4923-8F2A-E6DD099BC32D}"
EndProject
Global
	GlobalSection(SolutionConfigurationPlatforms) = preSolution
		Debug|Any CPU = Debug|Any CPU
		Release|Any CPU = Release|Any CPU
	EndGlobalSection
	GlobalSection(ProjectConfigurationPlatforms) = postSolution
		{65F78AD8-9EB3-418C-8737-1A900627BB41}.Debug|Any CPU.ActiveCfg = Debug|Any CPU
		{65F78AD8-9EB3-418C-8737-1A900627BB41}.Debug|Any CPU.Build.0 = Debug|Any CPU
		{65F78AD8-9EB3-418C-8737-1A900627BB41}.Release|Any CPU.ActiveCfg = Release|Any CPU
		{65F78AD8-9EB3-418C-8737-1A900627BB41}.Release|Any CPU.Build.0 = Release|Any CPU
		{1CF06333-2196-4416-82FB-19E5AEE06C5B}.Debug|Any CPU.ActiveCfg = Debug|Any CPU
		{1CF06333-2196-4416-82FB-19E5AEE06C5B}.Debug|Any CPU.Build.0 = Debug|Any CPU
		{1CF06333-2196-4416-82FB-19E5AEE06C5B}.Release|Any CPU.ActiveCfg = Release|Any CPU
		{1CF06333-2196-4416-82FB-19E5AEE06C5B}.Release|Any CPU.Build.0 = Release|Any CPU
		{5A60072B-03F9-4923-8F2A-E6DD099BC32D}.Debug|Any CPU.ActiveCfg = Debug|Any CPU
		{5A60072B-03F9-4923-8F2A-E6DD099BC32D}.Debug|Any CPU.Build.0 = Debug|Any CPU
		{5A60072B-03F9-4923-8F2A-E6DD099BC32D}.Release|Any CPU.ActiveCfg = Release|Any CPU
		{5A60072B-03F9-4923-8F2A-E6DD099BC32D}.Release|Any CPU.Build.0 = Release|Any CPU
	EndGlobalSection
	GlobalSection(SolutionProperties) = preSolution
		HideSolutionNode = FALSE
	EndGlobalSection
	GlobalSection(ExtensibilityGlobals) = postSolution
		SolutionGuid = {444A1BF0-24A4-4B4E-8DFB-0DC4BF059FE4}
	EndGlobalSection
EndGlobal
